
Microsoft Visual Studio Solution File, Format Version 12.00
# Visual Studio 15
VisualStudioVersion = 15.0.28010.2026
MinimumVisualStudioVersion = 10.0.40219.1
Project("{FAE04EC0-301F-11D3-BF4B-00C04F79EFBC}") = "Doan_34", "Doan_34\Doan_34.csproj", "{8B6E671B-A9B5-45FA-8697-0BE0057D357B}"
EndProject
Global
	GlobalSection(SolutionConfigurationPlatforms) = preSolution
		Debug|Any CPU = Debug|Any CPU
		Release|Any CPU = Release|Any CPU
	EndGlobalSection
	GlobalSection(ProjectConfigurationPlatforms) = postSolution
		{8B6E671B-A9B5-45FA-8697-0BE0057D357B}.Debug|Any CPU.ActiveCfg = Debug|Any CPU
		{8B6E671B-A9B5-45FA-8697-0BE0057D357B}.Debug|Any CPU.Build.0 = Debug|Any CPU
		{8B6E671B-A9B5-45FA-8697-0BE0057D357B}.Release|Any CPU.ActiveCfg = Release|Any CPU
		{8B6E671B-A9B5-45FA-8697-0BE0057D357B}.Release|Any CPU.Build.0 = Release|Any CPU
	EndGlobalSection
	GlobalSection(SolutionProperties) = preSolution
		HideSolutionNode = FALSE
	EndGlobalSection
	GlobalSection(ExtensibilityGlobals) = postSolution
		SolutionGuid = {585284AB-4350-4665-A9A4-B619AB3414D4}
	EndGlobalSection
EndGlobal
